// !$*UTF8*$!
{
	archiveVersion = 1;
	classes = {
	};
	objectVersion = 51;
	objects = {

/* Begin PBXBuildFile section */
		3625F8D3272899B600D24B17 /* Story.swift in Sources */ = {isa = PBXBuildFile; fileRef = 3625F8D2272899B600D24B17 /* Story.swift */; };
		3625F8D527289AAC00D24B17 /* HackerNewsAPI.swift in Sources */ = {isa = PBXBuildFile; fileRef = 3625F8D427289AAC00D24B17 /* HackerNewsAPI.swift */; };
		3625F8D72728B40E00D24B17 /* NewsViewModel.swift in Sources */ = {isa = PBXBuildFile; fileRef = 3625F8D62728B40E00D24B17 /* NewsViewModel.swift */; };
		36507F8E2728BC6400ADDF17 /* NewsView.swift in Sources */ = {isa = PBXBuildFile; fileRef = 36507F8D2728BC6400ADDF17 /* NewsView.swift */; };
		36507F902728BDBD00ADDF17 /* BadgeTime.swift in Sources */ = {isa = PBXBuildFile; fileRef = 36507F8F2728BDBD00ADDF17 /* BadgeTime.swift */; };
		36507F922728BEEE00ADDF17 /* PostedBy.swift in Sources */ = {isa = PBXBuildFile; fileRef = 36507F912728BEEE00ADDF17 /* PostedBy.swift */; };
		36507F942728C6F700ADDF17 /* NewsViewModelID.swift in Sources */ = {isa = PBXBuildFile; fileRef = 36507F932728C6F700ADDF17 /* NewsViewModelID.swift */; };
		8EA999BB202AC09241991216 /* Pods_HackerNews.framework in Frameworks */ = {isa = PBXBuildFile; fileRef = 7BE6E7BA303CBB7BB7D2D459 /* Pods_HackerNews.framework */; };
		D15D969125D44D5C00A2B04D /* AppDelegate.swift in Sources */ = {isa = PBXBuildFile; fileRef = D15D969025D44D5C00A2B04D /* AppDelegate.swift */; };
		D15D969325D44D5C00A2B04D /* SceneDelegate.swift in Sources */ = {isa = PBXBuildFile; fileRef = D15D969225D44D5C00A2B04D /* SceneDelegate.swift */; };
		D15D969525D44D5C00A2B04D /* ContentView.swift in Sources */ = {isa = PBXBuildFile; fileRef = D15D969425D44D5C00A2B04D /* ContentView.swift */; };
		D15D969725D44D6200A2B04D /* Assets.xcassets in Resources */ = {isa = PBXBuildFile; fileRef = D15D969625D44D6200A2B04D /* Assets.xcassets */; };
		D15D969A25D44D6200A2B04D /* Preview Assets.xcassets in Resources */ = {isa = PBXBuildFile; fileRef = D15D969925D44D6200A2B04D /* Preview Assets.xcassets */; };
		D15D969D25D44D6200A2B04D /* LaunchScreen.storyboard in Resources */ = {isa = PBXBuildFile; fileRef = D15D969B25D44D6200A2B04D /* LaunchScreen.storyboard */; };
		D15D96AE25D6AFDC00A2B04D /* DetailView.swift in Sources */ = {isa = PBXBuildFile; fileRef = D15D96AD25D6AFDC00A2B04D /* DetailView.swift */; };
		D15D96B025D6B60300A2B04D /* WebView.swift in Sources */ = {isa = PBXBuildFile; fileRef = D15D96AF25D6B60300A2B04D /* WebView.swift */; };
/* End PBXBuildFile section */

/* Begin PBXFileReference section */
		3625F8D2272899B600D24B17 /* Story.swift */ = {isa = PBXFileReference; lastKnownFileType = sourcecode.swift; path = Story.swift; sourceTree = "<group>"; };
		3625F8D427289AAC00D24B17 /* HackerNewsAPI.swift */ = {isa = PBXFileReference; lastKnownFileType = sourcecode.swift; path = HackerNewsAPI.swift; sourceTree = "<group>"; };
		3625F8D62728B40E00D24B17 /* NewsViewModel.swift */ = {isa = PBXFileReference; lastKnownFileType = sourcecode.swift; path = NewsViewModel.swift; sourceTree = "<group>"; };
		36507F8D2728BC6400ADDF17 /* NewsView.swift */ = {isa = PBXFileReference; lastKnownFileType = sourcecode.swift; path = NewsView.swift; sourceTree = "<group>"; };
		36507F8F2728BDBD00ADDF17 /* BadgeTime.swift */ = {isa = PBXFileReference; lastKnownFileType = sourcecode.swift; path = BadgeTime.swift; sourceTree = "<group>"; };
		36507F912728BEEE00ADDF17 /* PostedBy.swift */ = {isa = PBXFileReference; lastKnownFileType = sourcecode.swift; path = PostedBy.swift; sourceTree = "<group>"; };
		36507F932728C6F700ADDF17 /* NewsViewModelID.swift */ = {isa = PBXFileReference; lastKnownFileType = sourcecode.swift; path = NewsViewModelID.swift; sourceTree = "<group>"; };
		7BE6E7BA303CBB7BB7D2D459 /* Pods_HackerNews.framework */ = {isa = PBXFileReference; explicitFileType = wrapper.framework; includeInIndex = 0; path = Pods_HackerNews.framework; sourceTree = BUILT_PRODUCTS_DIR; };
		A571510B71EDEEDF824DD8BF /* Pods-HackerNews.release.xcconfig */ = {isa = PBXFileReference; includeInIndex = 1; lastKnownFileType = text.xcconfig; name = "Pods-HackerNews.release.xcconfig"; path = "Target Support Files/Pods-HackerNews/Pods-HackerNews.release.xcconfig"; sourceTree = "<group>"; };
		D15D968D25D44D5C00A2B04D /* HackerNews.app */ = {isa = PBXFileReference; explicitFileType = wrapper.application; includeInIndex = 0; path = HackerNews.app; sourceTree = BUILT_PRODUCTS_DIR; };
		D15D969025D44D5C00A2B04D /* AppDelegate.swift */ = {isa = PBXFileReference; lastKnownFileType = sourcecode.swift; path = AppDelegate.swift; sourceTree = "<group>"; };
		D15D969225D44D5C00A2B04D /* SceneDelegate.swift */ = {isa = PBXFileReference; lastKnownFileType = sourcecode.swift; path = SceneDelegate.swift; sourceTree = "<group>"; };
		D15D969425D44D5C00A2B04D /* ContentView.swift */ = {isa = PBXFileReference; lastKnownFileType = sourcecode.swift; path = ContentView.swift; sourceTree = "<group>"; };
		D15D969625D44D6200A2B04D /* Assets.xcassets */ = {isa = PBXFileReference; lastKnownFileType = folder.assetcatalog; path = Assets.xcassets; sourceTree = "<group>"; };
		D15D969925D44D6200A2B04D /* Preview Assets.xcassets */ = {isa = PBXFileReference; lastKnownFileType = folder.assetcatalog; path = "Preview Assets.xcassets"; sourceTree = "<group>"; };
		D15D969C25D44D6200A2B04D /* Base */ = {isa = PBXFileReference; lastKnownFileType = file.storyboard; name = Base; path = Base.lproj/LaunchScreen.storyboard; sourceTree = "<group>"; };
		D15D969E25D44D6200A2B04D /* Info.plist */ = {isa = PBXFileReference; lastKnownFileType = text.plist.xml; path = Info.plist; sourceTree = "<group>"; };
		D15D96AD25D6AFDC00A2B04D /* DetailView.swift */ = {isa = PBXFileReference; lastKnownFileType = sourcecode.swift; path = DetailView.swift; sourceTree = "<group>"; };
		D15D96AF25D6B60300A2B04D /* WebView.swift */ = {isa = PBXFileReference; lastKnownFileType = sourcecode.swift; path = WebView.swift; sourceTree = "<group>"; };
		F6B90F2DEB4C44A116F39459 /* Pods-HackerNews.debug.xcconfig */ = {isa = PBXFileReference; includeInIndex = 1; lastKnownFileType = text.xcconfig; name = "Pods-HackerNews.debug.xcconfig"; path = "Target Support Files/Pods-HackerNews/Pods-HackerNews.debug.xcconfig"; sourceTree = "<group>"; };
/* End PBXFileReference section */

/* Begin PBXFrameworksBuildPhase section */
		D15D968A25D44D5C00A2B04D /* Frameworks */ = {
			isa = PBXFrameworksBuildPhase;
			buildActionMask = 2147483647;
			files = (
				8EA999BB202AC09241991216 /* Pods_HackerNews.framework in Frameworks */,
			);
			runOnlyForDeploymentPostprocessing = 0;
		};
/* End PBXFrameworksBuildPhase section */

/* Begin PBXGroup section */
		36507F952728C72900ADDF17 /* Network */ = {
			isa = PBXGroup;
			children = (
				3625F8D427289AAC00D24B17 /* HackerNewsAPI.swift */,
			);
			path = Network;
			sourceTree = "<group>";
		};
		36507F962728C74C00ADDF17 /* SupportedView */ = {
			isa = PBXGroup;
			children = (
				36507F912728BEEE00ADDF17 /* PostedBy.swift */,
				36507F8F2728BDBD00ADDF17 /* BadgeTime.swift */,
			);
			path = SupportedView;
			sourceTree = "<group>";
		};
		367E4354272C4D6B00A29325 /* ViewModels */ = {
			isa = PBXGroup;
			children = (
				3625F8D62728B40E00D24B17 /* NewsViewModel.swift */,
				36507F932728C6F700ADDF17 /* NewsViewModelID.swift */,
			);
			path = ViewModels;
			sourceTree = "<group>";
		};
		856C570A35FEE316102299A0 /* Pods */ = {
			isa = PBXGroup;
			children = (
				F6B90F2DEB4C44A116F39459 /* Pods-HackerNews.debug.xcconfig */,
				A571510B71EDEEDF824DD8BF /* Pods-HackerNews.release.xcconfig */,
			);
			path = Pods;
			sourceTree = "<group>";
		};
		D15D968425D44D5B00A2B04D = {
			isa = PBXGroup;
			children = (
				D15D968F25D44D5C00A2B04D /* HackerNews */,
				D15D968E25D44D5C00A2B04D /* Products */,
				856C570A35FEE316102299A0 /* Pods */,
				FF8AB7208433DAAE872D7F34 /* Frameworks */,
			);
			sourceTree = "<group>";
		};
		D15D968E25D44D5C00A2B04D /* Products */ = {
			isa = PBXGroup;
			children = (
				D15D968D25D44D5C00A2B04D /* HackerNews.app */,
			);
			name = Products;
			sourceTree = "<group>";
		};
		D15D968F25D44D5C00A2B04D /* HackerNews */ = {
			isa = PBXGroup;
			children = (
				D15D969025D44D5C00A2B04D /* AppDelegate.swift */,
				D15D969225D44D5C00A2B04D /* SceneDelegate.swift */,
				367E4354272C4D6B00A29325 /* ViewModels */,
				D15D96AA25D6AF5F00A2B04D /* Views */,
				D15D96A525D5778E00A2B04D /* Model */,
				36507F952728C72900ADDF17 /* Network */,
				D15D969625D44D6200A2B04D /* Assets.xcassets */,
				D15D969B25D44D6200A2B04D /* LaunchScreen.storyboard */,
				D15D969E25D44D6200A2B04D /* Info.plist */,
				D15D969825D44D6200A2B04D /* Preview Content */,
			);
			path = HackerNews;
			sourceTree = "<group>";
		};
		D15D969825D44D6200A2B04D /* Preview Content */ = {
			isa = PBXGroup;
			children = (
				D15D969925D44D6200A2B04D /* Preview Assets.xcassets */,
			);
			path = "Preview Content";
			sourceTree = "<group>";
		};
		D15D96A525D5778E00A2B04D /* Model */ = {
			isa = PBXGroup;
			children = (
				3625F8D2272899B600D24B17 /* Story.swift */,
			);
			path = Model;
			sourceTree = "<group>";
		};
		D15D96AA25D6AF5F00A2B04D /* Views */ = {
			isa = PBXGroup;
			children = (
				36507F8D2728BC6400ADDF17 /* NewsView.swift */,
				D15D969425D44D5C00A2B04D /* ContentView.swift */,
				D15D96AD25D6AFDC00A2B04D /* DetailView.swift */,
				D15D96AF25D6B60300A2B04D /* WebView.swift */,
				36507F962728C74C00ADDF17 /* SupportedView */,
			);
			path = Views;
			sourceTree = "<group>";
		};
		FF8AB7208433DAAE872D7F34 /* Frameworks */ = {
			isa = PBXGroup;
			children = (
				7BE6E7BA303CBB7BB7D2D459 /* Pods_HackerNews.framework */,
			);
			name = Frameworks;
			sourceTree = "<group>";
		};
/* End PBXGroup section */

/* Begin PBXNativeTarget section */
		D15D968C25D44D5C00A2B04D /* HackerNews */ = {
			isa = PBXNativeTarget;
			buildConfigurationList = D15D96A125D44D6200A2B04D /* Build configuration list for PBXNativeTarget "HackerNews" */;
			buildPhases = (
				4D878D4BD0E49D1D40730AE2 /* [CP] Check Pods Manifest.lock */,
				D15D968925D44D5C00A2B04D /* Sources */,
				D15D968A25D44D5C00A2B04D /* Frameworks */,
				D15D968B25D44D5C00A2B04D /* Resources */,
				9E0AB2A1A077F682C56FAC62 /* [CP] Embed Pods Frameworks */,
			);
			buildRules = (
			);
			dependencies = (
			);
			name = HackerNews;
			productName = HackerNews;
			productReference = D15D968D25D44D5C00A2B04D /* HackerNews.app */;
			productType = "com.apple.product-type.application";
		};
/* End PBXNativeTarget section */

/* Begin PBXProject section */
		D15D968525D44D5B00A2B04D /* Project object */ = {
			isa = PBXProject;
			attributes = {
				LastSwiftUpdateCheck = 1150;
				LastUpgradeCheck = 1150;
				ORGANIZATIONNAME = Arseni;
				TargetAttributes = {
					D15D968C25D44D5C00A2B04D = {
						CreatedOnToolsVersion = 11.5;
					};
				};
			};
			buildConfigurationList = D15D968825D44D5B00A2B04D /* Build configuration list for PBXProject "HackerNews" */;
			compatibilityVersion = "Xcode 9.3";
			developmentRegion = en;
			hasScannedForEncodings = 0;
			knownRegions = (
				en,
				Base,
			);
			mainGroup = D15D968425D44D5B00A2B04D;
			productRefGroup = D15D968E25D44D5C00A2B04D /* Products */;
			projectDirPath = "";
			projectRoot = "";
			targets = (
				D15D968C25D44D5C00A2B04D /* HackerNews */,
			);
		};
/* End PBXProject section */

/* Begin PBXResourcesBuildPhase section */
		D15D968B25D44D5C00A2B04D /* Resources */ = {
			isa = PBXResourcesBuildPhase;
			buildActionMask = 2147483647;
			files = (
				D15D969D25D44D6200A2B04D /* LaunchScreen.storyboard in Resources */,
				D15D969A25D44D6200A2B04D /* Preview Assets.xcassets in Resources */,
				D15D969725D44D6200A2B04D /* Assets.xcassets in Resources */,
			);
			runOnlyForDeploymentPostprocessing = 0;
		};
/* End PBXResourcesBuildPhase section */

/* Begin PBXShellScriptBuildPhase section */
		4D878D4BD0E49D1D40730AE2 /* [CP] Check Pods Manifest.lock */ = {
			isa = PBXShellScriptBuildPhase;
			buildActionMask = 2147483647;
			files = (
			);
			inputFileListPaths = (
			);
			inputPaths = (
				"${PODS_PODFILE_DIR_PATH}/Podfile.lock",
				"${PODS_ROOT}/Manifest.lock",
			);
			name = "[CP] Check Pods Manifest.lock";
			outputFileListPaths = (
			);
			outputPaths = (
				"$(DERIVED_FILE_DIR)/Pods-HackerNews-checkManifestLockResult.txt",
			);
			runOnlyForDeploymentPostprocessing = 0;
			shellPath = /bin/sh;
			shellScript = "diff \"${PODS_PODFILE_DIR_PATH}/Podfile.lock\" \"${PODS_ROOT}/Manifest.lock\" > /dev/null\nif [ $? != 0 ] ; then\n    # print error to STDERR\n    echo \"error: The sandbox is not in sync with the Podfile.lock. Run 'pod install' or update your CocoaPods installation.\" >&2\n    exit 1\nfi\n# This output is used by Xcode 'outputs' to avoid re-running this script phase.\necho \"SUCCESS\" > \"${SCRIPT_OUTPUT_FILE_0}\"\n";
			showEnvVarsInLog = 0;
		};
		9E0AB2A1A077F682C56FAC62 /* [CP] Embed Pods Frameworks */ = {
			isa = PBXShellScriptBuildPhase;
			buildActionMask = 2147483647;
			files = (
			);
			inputFileListPaths = (
				"${PODS_ROOT}/Target Support Files/Pods-HackerNews/Pods-HackerNews-frameworks-${CONFIGURATION}-input-files.xcfilelist",
			);
			name = "[CP] Embed Pods Frameworks";
			outputFileListPaths = (
				"${PODS_ROOT}/Target Support Files/Pods-HackerNews/Pods-HackerNews-frameworks-${CONFIGURATION}-output-files.xcfilelist",
			);
			runOnlyForDeploymentPostprocessing = 0;
			shellPath = /bin/sh;
			shellScript = "\"${PODS_ROOT}/Target Support Files/Pods-HackerNews/Pods-HackerNews-frameworks.sh\"\n";
			showEnvVarsInLog = 0;
		};
/* End PBXShellScriptBuildPhase section */

/* Begin PBXSourcesBuildPhase section */
		D15D968925D44D5C00A2B04D /* Sources */ = {
			isa = PBXSourcesBuildPhase;
			buildActionMask = 2147483647;
			files = (
				36507F902728BDBD00ADDF17 /* BadgeTime.swift in Sources */,
				36507F8E2728BC6400ADDF17 /* NewsView.swift in Sources */,
				D15D96AE25D6AFDC00A2B04D /* DetailView.swift in Sources */,
				D15D969125D44D5C00A2B04D /* AppDelegate.swift in Sources */,
				D15D969325D44D5C00A2B04D /* SceneDelegate.swift in Sources */,
				D15D969525D44D5C00A2B04D /* ContentView.swift in Sources */,
				D15D96B025D6B60300A2B04D /* WebView.swift in Sources */,
				3625F8D72728B40E00D24B17 /* NewsViewModel.swift in Sources */,
				36507F942728C6F700ADDF17 /* NewsViewModelID.swift in Sources */,
				36507F922728BEEE00ADDF17 /* PostedBy.swift in Sources */,
				3625F8D3272899B600D24B17 /* Story.swift in Sources */,
				3625F8D527289AAC00D24B17 /* HackerNewsAPI.swift in Sources */,
			);
			runOnlyForDeploymentPostprocessing = 0;
		};
/* End PBXSourcesBuildPhase section */

/* Begin PBXVariantGroup section */
		D15D969B25D44D6200A2B04D /* LaunchScreen.storyboard */ = {
			isa = PBXVariantGroup;
			children = (
				D15D969C25D44D6200A2B04D /* Base */,
			);
			name = LaunchScreen.storyboard;
			sourceTree = "<group>";
		};
/* End PBXVariantGroup section */

/* Begin XCBuildConfiguration section */
		D15D969F25D44D6200A2B04D /* Debug */ = {
			isa = XCBuildConfiguration;
			buildSettings = {
				ALWAYS_SEARCH_USER_PATHS = NO;
				CLANG_ANALYZER_NONNULL = YES;
				CLANG_ANALYZER_NUMBER_OBJECT_CONVERSION = YES_AGGRESSIVE;
				CLANG_CXX_LANGUAGE_STANDARD = "gnu++14";
				CLANG_CXX_LIBRARY = "libc++";
				CLANG_ENABLE_MODULES = YES;
				CLANG_ENABLE_OBJC_ARC = YES;
				CLANG_ENABLE_OBJC_WEAK = YES;
				CLANG_WARN_BLOCK_CAPTURE_AUTORELEASING = YES;
				CLANG_WARN_BOOL_CONVERSION = YES;
				CLANG_WARN_COMMA = YES;
				CLANG_WARN_CONSTANT_CONVERSION = YES;
				CLANG_WARN_DEPRECATED_OBJC_IMPLEMENTATIONS = YES;
				CLANG_WARN_DIRECT_OBJC_ISA_USAGE = YES_ERROR;
				CLANG_WARN_DOCUMENTATION_COMMENTS = YES;
				CLANG_WARN_EMPTY_BODY = YES;
				CLANG_WARN_ENUM_CONVERSION = YES;
				CLANG_WARN_INFINITE_RECURSION = YES;
				CLANG_WARN_INT_CONVERSION = YES;
				CLANG_WARN_NON_LITERAL_NULL_CONVERSION = YES;
				CLANG_WARN_OBJC_IMPLICIT_RETAIN_SELF = YES;
				CLANG_WARN_OBJC_LITERAL_CONVERSION = YES;
				CLANG_WARN_OBJC_ROOT_CLASS = YES_ERROR;
				CLANG_WARN_RANGE_LOOP_ANALYSIS = YES;
				CLANG_WARN_STRICT_PROTOTYPES = YES;
				CLANG_WARN_SUSPICIOUS_MOVE = YES;
				CLANG_WARN_UNGUARDED_AVAILABILITY = YES_AGGRESSIVE;
				CLANG_WARN_UNREACHABLE_CODE = YES;
				CLANG_WARN__DUPLICATE_METHOD_MATCH = YES;
				COPY_PHASE_STRIP = NO;
				DEBUG_INFORMATION_FORMAT = dwarf;
				ENABLE_STRICT_OBJC_MSGSEND = YES;
				ENABLE_TESTABILITY = YES;
				GCC_C_LANGUAGE_STANDARD = gnu11;
				GCC_DYNAMIC_NO_PIC = NO;
				GCC_NO_COMMON_BLOCKS = YES;
				GCC_OPTIMIZATION_LEVEL = 0;
				GCC_PREPROCESSOR_DEFINITIONS = (
					"DEBUG=1",
					"$(inherited)",
				);
				GCC_WARN_64_TO_32_BIT_CONVERSION = YES;
				GCC_WARN_ABOUT_RETURN_TYPE = YES_ERROR;
				GCC_WARN_UNDECLARED_SELECTOR = YES;
				GCC_WARN_UNINITIALIZED_AUTOS = YES_AGGRESSIVE;
				GCC_WARN_UNUSED_FUNCTION = YES;
				GCC_WARN_UNUSED_VARIABLE = YES;
				IPHONEOS_DEPLOYMENT_TARGET = 13.5;
				MTL_ENABLE_DEBUG_INFO = INCLUDE_SOURCE;
				MTL_FAST_MATH = YES;
				ONLY_ACTIVE_ARCH = YES;
				SDKROOT = iphoneos;
				SWIFT_ACTIVE_COMPILATION_CONDITIONS = DEBUG;
				SWIFT_OPTIMIZATION_LEVEL = "-Onone";
			};
			name = Debug;
		};
		D15D96A025D44D6200A2B04D /* Release */ = {
			isa = XCBuildConfiguration;
			buildSettings = {
				ALWAYS_SEARCH_USER_PATHS = NO;
				CLANG_ANALYZER_NONNULL = YES;
				CLANG_ANALYZER_NUMBER_OBJECT_CONVERSION = YES_AGGRESSIVE;
				CLANG_CXX_LANGUAGE_STANDARD = "gnu++14";
				CLANG_CXX_LIBRARY = "libc++";
				CLANG_ENABLE_MODULES = YES;
				CLANG_ENABLE_OBJC_ARC = YES;
				CLANG_ENABLE_OBJC_WEAK = YES;
				CLANG_WARN_BLOCK_CAPTURE_AUTORELEASING = YES;
				CLANG_WARN_BOOL_CONVERSION = YES;
				CLANG_WARN_COMMA = YES;
				CLANG_WARN_CONSTANT_CONVERSION = YES;
				CLANG_WARN_DEPRECATED_OBJC_IMPLEMENTATIONS = YES;
				CLANG_WARN_DIRECT_OBJC_ISA_USAGE = YES_ERROR;
				CLANG_WARN_DOCUMENTATION_COMMENTS = YES;
				CLANG_WARN_EMPTY_BODY = YES;
				CLANG_WARN_ENUM_CONVERSION = YES;
				CLANG_WARN_INFINITE_RECURSION = YES;
				CLANG_WARN_INT_CONVERSION = YES;
				CLANG_WARN_NON_LITERAL_NULL_CONVERSION = YES;
				CLANG_WARN_OBJC_IMPLICIT_RETAIN_SELF = YES;
				CLANG_WARN_OBJC_LITERAL_CONVERSION = YES;
				CLANG_WARN_OBJC_ROOT_CLASS = YES_ERROR;
				CLANG_WARN_RANGE_LOOP_ANALYSIS = YES;
				CLANG_WARN_STRICT_PROTOTYPES = YES;
				CLANG_WARN_SUSPICIOUS_MOVE = YES;
				CLANG_WARN_UNGUARDED_AVAILABILITY = YES_AGGRESSIVE;
				CLANG_WARN_UNREACHABLE_CODE = YES;
				CLANG_WARN__DUPLICATE_METHOD_MATCH = YES;
				COPY_PHASE_STRIP = NO;
				DEBUG_INFORMATION_FORMAT = "dwarf-with-dsym";
				ENABLE_NS_ASSERTIONS = NO;
				ENABLE_STRICT_OBJC_MSGSEND = YES;
				GCC_C_LANGUAGE_STANDARD = gnu11;
				GCC_NO_COMMON_BLOCKS = YES;
				GCC_WARN_64_TO_32_BIT_CONVERSION = YES;
				GCC_WARN_ABOUT_RETURN_TYPE = YES_ERROR;
				GCC_WARN_UNDECLARED_SELECTOR = YES;
				GCC_WARN_UNINITIALIZED_AUTOS = YES_AGGRESSIVE;
				GCC_WARN_UNUSED_FUNCTION = YES;
				GCC_WARN_UNUSED_VARIABLE = YES;
				IPHONEOS_DEPLOYMENT_TARGET = 13.5;
				MTL_ENABLE_DEBUG_INFO = NO;
				MTL_FAST_MATH = YES;
				SDKROOT = iphoneos;
				SWIFT_COMPILATION_MODE = wholemodule;
				SWIFT_OPTIMIZATION_LEVEL = "-O";
				VALIDATE_PRODUCT = YES;
			};
			name = Release;
		};
		D15D96A225D44D6200A2B04D /* Debug */ = {
			isa = XCBuildConfiguration;
			baseConfigurationReference = F6B90F2DEB4C44A116F39459 /* Pods-HackerNews.debug.xcconfig */;
			buildSettings = {
				ASSETCATALOG_COMPILER_APPICON_NAME = AppIcon;
				CODE_SIGN_STYLE = Automatic;
				DEVELOPMENT_ASSET_PATHS = "\"HackerNews/Preview Content\"";
				ENABLE_PREVIEWS = YES;
				INFOPLIST_FILE = HackerNews/Info.plist;
				LD_RUNPATH_SEARCH_PATHS = (
					"$(inherited)",
					"@executable_path/Frameworks",
				);
				PRODUCT_BUNDLE_IDENTIFIER = com.arsenilaputska.HackerNews;
				PRODUCT_NAME = "$(TARGET_NAME)";
				SWIFT_VERSION = 5.0;
				TARGETED_DEVICE_FAMILY = "1,2";
			};
			name = Debug;
		};
		D15D96A325D44D6200A2B04D /* Release */ = {
			isa = XCBuildConfiguration;
			baseConfigurationReference = A571510B71EDEEDF824DD8BF /* Pods-HackerNews.release.xcconfig */;
			buildSettings = {
				ASSETCATALOG_COMPILER_APPICON_NAME = AppIcon;
				CODE_SIGN_STYLE = Automatic;
				DEVELOPMENT_ASSET_PATHS = "\"HackerNews/Preview Content\"";
				ENABLE_PREVIEWS = YES;
				INFOPLIST_FILE = HackerNews/Info.plist;
				LD_RUNPATH_SEARCH_PATHS = (
					"$(inherited)",
					"@executable_path/Frameworks",
				);
				PRODUCT_BUNDLE_IDENTIFIER = com.arsenilaputska.HackerNews;
				PRODUCT_NAME = "$(TARGET_NAME)";
				SWIFT_VERSION = 5.0;
				TARGETED_DEVICE_FAMILY = "1,2";
			};
			name = Release;
		};
/* End XCBuildConfiguration section */

/* Begin XCConfigurationList section */
		D15D968825D44D5B00A2B04D /* Build configuration list for PBXProject "HackerNews" */ = {
			isa = XCConfigurationList;
			buildConfigurations = (
				D15D969F25D44D6200A2B04D /* Debug */,
				D15D96A025D44D6200A2B04D /* Release */,
			);
			defaultConfigurationIsVisible = 0;
			defaultConfigurationName = Release;
		};
		D15D96A125D44D6200A2B04D /* Build configuration list for PBXNativeTarget "HackerNews" */ = {
			isa = XCConfigurationList;
			buildConfigurations = (
				D15D96A225D44D6200A2B04D /* Debug */,
				D15D96A325D44D6200A2B04D /* Release */,
			);
			defaultConfigurationIsVisible = 0;
			defaultConfigurationName = Release;
		};
/* End XCConfigurationList section */
	};
	rootObject = D15D968525D44D5B00A2B04D /* Project object */;
}
